// !$*UTF8*$!
{
	archiveVersion = 1;
	classes = {
	};
	objectVersion = 50;
	objects = {

/* Begin PBXBuildFile section */
		D154E5BF20D58905002087BF /* playsoundsviewcontroller-audio.swift in Sources */ = {isa = PBXBuildFile; fileRef = D154E5BE20D58905002087BF /* playsoundsviewcontroller-audio.swift */; };
		D19D729020D31A30000ACEB1 /* AppDelegate.swift in Sources */ = {isa = PBXBuildFile; fileRef = D19D728F20D31A30000ACEB1 /* AppDelegate.swift */; };
		D19D729220D31A31000ACEB1 /* RecordSoundsViewController.swift in Sources */ = {isa = PBXBuildFile; fileRef = D19D729120D31A31000ACEB1 /* RecordSoundsViewController.swift */; };
		D19D729520D31A31000ACEB1 /* Main.storyboard in Resources */ = {isa = PBXBuildFile; fileRef = D19D729320D31A31000ACEB1 /* Main.storyboard */; };
		D19D729720D31A32000ACEB1 /* Assets.xcassets in Resources */ = {isa = PBXBuildFile; fileRef = D19D729620D31A32000ACEB1 /* Assets.xcassets */; };
		D19D729A20D31A32000ACEB1 /* LaunchScreen.storyboard in Resources */ = {isa = PBXBuildFile; fileRef = D19D729820D31A32000ACEB1 /* LaunchScreen.storyboard */; };
		D19D72A520D31A32000ACEB1 /* PitchPerfectTests.swift in Sources */ = {isa = PBXBuildFile; fileRef = D19D72A420D31A32000ACEB1 /* PitchPerfectTests.swift */; };
		D19D72B020D31A32000ACEB1 /* PitchPerfectUITests.swift in Sources */ = {isa = PBXBuildFile; fileRef = D19D72AF20D31A32000ACEB1 /* PitchPerfectUITests.swift */; };
		D19D72BE20D353F1000ACEB1 /* PlaySoundsViewController.swift in Sources */ = {isa = PBXBuildFile; fileRef = D19D72BD20D353F1000ACEB1 /* PlaySoundsViewController.swift */; };
/* End PBXBuildFile section */

/* Begin PBXContainerItemProxy section */
		D19D72A120D31A32000ACEB1 /* PBXContainerItemProxy */ = {
			isa = PBXContainerItemProxy;
			containerPortal = D19D728420D31A30000ACEB1 /* Project object */;
			proxyType = 1;
			remoteGlobalIDString = D19D728B20D31A30000ACEB1;
			remoteInfo = PitchPerfect;
		};
		D19D72AC20D31A32000ACEB1 /* PBXContainerItemProxy */ = {
			isa = PBXContainerItemProxy;
			containerPortal = D19D728420D31A30000ACEB1 /* Project object */;
			proxyType = 1;
			remoteGlobalIDString = D19D728B20D31A30000ACEB1;
			remoteInfo = PitchPerfect;
		};
/* End PBXContainerItemProxy section */

/* Begin PBXFileReference section */
		D154E5BE20D58905002087BF /* playsoundsviewcontroller-audio.swift */ = {isa = PBXFileReference; fileEncoding = 4; lastKnownFileType = sourcecode.swift; path = "playsoundsviewcontroller-audio.swift"; sourceTree = "<group>"; };
		D19D728C20D31A30000ACEB1 /* PitchPerfect.app */ = {isa = PBXFileReference; explicitFileType = wrapper.application; includeInIndex = 0; path = PitchPerfect.app; sourceTree = BUILT_PRODUCTS_DIR; };
		D19D728F20D31A30000ACEB1 /* AppDelegate.swift */ = {isa = PBXFileReference; lastKnownFileType = sourcecode.swift; path = AppDelegate.swift; sourceTree = "<group>"; };
		D19D729120D31A31000ACEB1 /* RecordSoundsViewController.swift */ = {isa = PBXFileReference; lastKnownFileType = sourcecode.swift; path = RecordSoundsViewController.swift; sourceTree = "<group>"; };
		D19D729420D31A31000ACEB1 /* Base */ = {isa = PBXFileReference; lastKnownFileType = file.storyboard; name = Base; path = Base.lproj/Main.storyboard; sourceTree = "<group>"; };
		D19D729620D31A32000ACEB1 /* Assets.xcassets */ = {isa = PBXFileReference; lastKnownFileType = folder.assetcatalog; path = Assets.xcassets; sourceTree = "<group>"; };
		D19D729920D31A32000ACEB1 /* Base */ = {isa = PBXFileReference; lastKnownFileType = file.storyboard; name = Base; path = Base.lproj/LaunchScreen.storyboard; sourceTree = "<group>"; };
		D19D729B20D31A32000ACEB1 /* Info.plist */ = {isa = PBXFileReference; lastKnownFileType = text.plist.xml; path = Info.plist; sourceTree = "<group>"; };
		D19D72A020D31A32000ACEB1 /* PitchPerfectTests.xctest */ = {isa = PBXFileReference; explicitFileType = wrapper.cfbundle; includeInIndex = 0; path = PitchPerfectTests.xctest; sourceTree = BUILT_PRODUCTS_DIR; };
		D19D72A420D31A32000ACEB1 /* PitchPerfectTests.swift */ = {isa = PBXFileReference; lastKnownFileType = sourcecode.swift; path = PitchPerfectTests.swift; sourceTree = "<group>"; };
		D19D72A620D31A32000ACEB1 /* Info.plist */ = {isa = PBXFileReference; lastKnownFileType = text.plist.xml; path = Info.plist; sourceTree = "<group>"; };
		D19D72AB20D31A32000ACEB1 /* PitchPerfectUITests.xctest */ = {isa = PBXFileReference; explicitFileType = wrapper.cfbundle; includeInIndex = 0; path = PitchPerfectUITests.xctest; sourceTree = BUILT_PRODUCTS_DIR; };
		D19D72AF20D31A32000ACEB1 /* PitchPerfectUITests.swift */ = {isa = PBXFileReference; lastKnownFileType = sourcecode.swift; path = PitchPerfectUITests.swift; sourceTree = "<group>"; };
		D19D72B120D31A32000ACEB1 /* Info.plist */ = {isa = PBXFileReference; lastKnownFileType = text.plist.xml; path = Info.plist; sourceTree = "<group>"; };
		D19D72BD20D353F1000ACEB1 /* PlaySoundsViewController.swift */ = {isa = PBXFileReference; lastKnownFileType = sourcecode.swift; path = PlaySoundsViewController.swift; sourceTree = "<group>"; };
/* End PBXFileReference section */

/* Begin PBXFrameworksBuildPhase section */
		D19D728920D31A30000ACEB1 /* Frameworks */ = {
			isa = PBXFrameworksBuildPhase;
			buildActionMask = 2147483647;
			files = (
			);
			runOnlyForDeploymentPostprocessing = 0;
		};
		D19D729D20D31A32000ACEB1 /* Frameworks */ = {
			isa = PBXFrameworksBuildPhase;
			buildActionMask = 2147483647;
			files = (
			);
			runOnlyForDeploymentPostprocessing = 0;
		};
		D19D72A820D31A32000ACEB1 /* Frameworks */ = {
			isa = PBXFrameworksBuildPhase;
			buildActionMask = 2147483647;
			files = (
			);
			runOnlyForDeploymentPostprocessing = 0;
		};
/* End PBXFrameworksBuildPhase section */

/* Begin PBXGroup section */
		D19D728320D31A30000ACEB1 = {
			isa = PBXGroup;
			children = (
				D19D728E20D31A30000ACEB1 /* PitchPerfect */,
				D19D72A320D31A32000ACEB1 /* PitchPerfectTests */,
				D19D72AE20D31A32000ACEB1 /* PitchPerfectUITests */,
				D19D728D20D31A30000ACEB1 /* Products */,
			);
			sourceTree = "<group>";
		};
		D19D728D20D31A30000ACEB1 /* Products */ = {
			isa = PBXGroup;
			children = (
				D19D728C20D31A30000ACEB1 /* PitchPerfect.app */,
				D19D72A020D31A32000ACEB1 /* PitchPerfectTests.xctest */,
				D19D72AB20D31A32000ACEB1 /* PitchPerfectUITests.xctest */,
			);
			name = Products;
			sourceTree = "<group>";
		};
		D19D728E20D31A30000ACEB1 /* PitchPerfect */ = {
			isa = PBXGroup;
			children = (
				D19D728F20D31A30000ACEB1 /* AppDelegate.swift */,
				D19D729120D31A31000ACEB1 /* RecordSoundsViewController.swift */,
				D19D729320D31A31000ACEB1 /* Main.storyboard */,
				D19D729620D31A32000ACEB1 /* Assets.xcassets */,
				D19D729820D31A32000ACEB1 /* LaunchScreen.storyboard */,
				D19D729B20D31A32000ACEB1 /* Info.plist */,
				D154E5BE20D58905002087BF /* playsoundsviewcontroller-audio.swift */,
				D19D72BD20D353F1000ACEB1 /* PlaySoundsViewController.swift */,
			);
			path = PitchPerfect;
			sourceTree = "<group>";
		};
		D19D72A320D31A32000ACEB1 /* PitchPerfectTests */ = {
			isa = PBXGroup;
			children = (
				D19D72A420D31A32000ACEB1 /* PitchPerfectTests.swift */,
				D19D72A620D31A32000ACEB1 /* Info.plist */,
			);
			path = PitchPerfectTests;
			sourceTree = "<group>";
		};
		D19D72AE20D31A32000ACEB1 /* PitchPerfectUITests */ = {
			isa = PBXGroup;
			children = (
				D19D72AF20D31A32000ACEB1 /* PitchPerfectUITests.swift */,
				D19D72B120D31A32000ACEB1 /* Info.plist */,
			);
			path = PitchPerfectUITests;
			sourceTree = "<group>";
		};
/* End PBXGroup section */

/* Begin PBXNativeTarget section */
		D19D728B20D31A30000ACEB1 /* PitchPerfect */ = {
			isa = PBXNativeTarget;
			buildConfigurationList = D19D72B420D31A32000ACEB1 /* Build configuration list for PBXNativeTarget "PitchPerfect" */;
			buildPhases = (
				D19D728820D31A30000ACEB1 /* Sources */,
				D19D728920D31A30000ACEB1 /* Frameworks */,
				D19D728A20D31A30000ACEB1 /* Resources */,
			);
			buildRules = (
			);
			dependencies = (
			);
			name = PitchPerfect;
			productName = PitchPerfect;
			productReference = D19D728C20D31A30000ACEB1 /* PitchPerfect.app */;
			productType = "com.apple.product-type.application";
		};
		D19D729F20D31A32000ACEB1 /* PitchPerfectTests */ = {
			isa = PBXNativeTarget;
			buildConfigurationList = D19D72B720D31A32000ACEB1 /* Build configuration list for PBXNativeTarget "PitchPerfectTests" */;
			buildPhases = (
				D19D729C20D31A32000ACEB1 /* Sources */,
				D19D729D20D31A32000ACEB1 /* Frameworks */,
				D19D729E20D31A32000ACEB1 /* Resources */,
			);
			buildRules = (
			);
			dependencies = (
				D19D72A220D31A32000ACEB1 /* PBXTargetDependency */,
			);
			name = PitchPerfectTests;
			productName = PitchPerfectTests;
			productReference = D19D72A020D31A32000ACEB1 /* PitchPerfectTests.xctest */;
			productType = "com.apple.product-type.bundle.unit-test";
		};
		D19D72AA20D31A32000ACEB1 /* PitchPerfectUITests */ = {
			isa = PBXNativeTarget;
			buildConfigurationList = D19D72BA20D31A32000ACEB1 /* Build configuration list for PBXNativeTarget "PitchPerfectUITests" */;
			buildPhases = (
				D19D72A720D31A32000ACEB1 /* Sources */,
				D19D72A820D31A32000ACEB1 /* Frameworks */,
				D19D72A920D31A32000ACEB1 /* Resources */,
			);
			buildRules = (
			);
			dependencies = (
				D19D72AD20D31A32000ACEB1 /* PBXTargetDependency */,
			);
			name = PitchPerfectUITests;
			productName = PitchPerfectUITests;
			productReference = D19D72AB20D31A32000ACEB1 /* PitchPerfectUITests.xctest */;
			productType = "com.apple.product-type.bundle.ui-testing";
		};
/* End PBXNativeTarget section */

/* Begin PBXProject section */
		D19D728420D31A30000ACEB1 /* Project object */ = {
			isa = PBXProject;
			attributes = {
				LastSwiftUpdateCheck = 0940;
				LastUpgradeCheck = 0940;
				ORGANIZATIONNAME = "Manali Rami";
				TargetAttributes = {
					D19D728B20D31A30000ACEB1 = {
						CreatedOnToolsVersion = 9.4;
					};
					D19D729F20D31A32000ACEB1 = {
						CreatedOnToolsVersion = 9.4;
						TestTargetID = D19D728B20D31A30000ACEB1;
					};
					D19D72AA20D31A32000ACEB1 = {
						CreatedOnToolsVersion = 9.4;
						TestTargetID = D19D728B20D31A30000ACEB1;
					};
				};
			};
			buildConfigurationList = D19D728720D31A30000ACEB1 /* Build configuration list for PBXProject "PitchPerfect" */;
			compatibilityVersion = "Xcode 9.3";
			developmentRegion = en;
			hasScannedForEncodings = 0;
			knownRegions = (
				en,
				Base,
			);
			mainGroup = D19D728320D31A30000ACEB1;
			productRefGroup = D19D728D20D31A30000ACEB1 /* Products */;
			projectDirPath = "";
			projectRoot = "";
			targets = (
				D19D728B20D31A30000ACEB1 /* PitchPerfect */,
				D19D729F20D31A32000ACEB1 /* PitchPerfectTests */,
				D19D72AA20D31A32000ACEB1 /* PitchPerfectUITests */,
			);
		};
/* End PBXProject section */

/* Begin PBXResourcesBuildPhase section */
		D19D728A20D31A30000ACEB1 /* Resources */ = {
			isa = PBXResourcesBuildPhase;
			buildActionMask = 2147483647;
			files = (
				D19D729A20D31A32000ACEB1 /* LaunchScreen.storyboard in Resources */,
				D19D729720D31A32000ACEB1 /* Assets.xcassets in Resources */,
				D19D729520D31A31000ACEB1 /* Main.storyboard in Resources */,
			);
			runOnlyForDeploymentPostprocessing = 0;
		};
		D19D729E20D31A32000ACEB1 /* Resources */ = {
			isa = PBXResourcesBuildPhase;
			buildActionMask = 2147483647;
			files = (
			);
			runOnlyForDeploymentPostprocessing = 0;
		};
		D19D72A920D31A32000ACEB1 /* Resources */ = {
			isa = PBXResourcesBuildPhase;
			buildActionMask = 2147483647;
			files = (
			);
			runOnlyForDeploymentPostprocessing = 0;
		};
/* End PBXResourcesBuildPhase section */

/* Begin PBXSourcesBuildPhase section */
		D19D728820D31A30000ACEB1 /* Sources */ = {
			isa = PBXSourcesBuildPhase;
			buildActionMask = 2147483647;
			files = (
				D19D729220D31A31000ACEB1 /* RecordSoundsViewController.swift in Sources */,
				D19D72BE20D353F1000ACEB1 /* PlaySoundsViewController.swift in Sources */,
				D19D729020D31A30000ACEB1 /* AppDelegate.swift in Sources */,
				D154E5BF20D58905002087BF /* playsoundsviewcontroller-audio.swift in Sources */,
			);
			runOnlyForDeploymentPostprocessing = 0;
		};
		D19D729C20D31A32000ACEB1 /* Sources */ = {
			isa = PBXSourcesBuildPhase;
			buildActionMask = 2147483647;
			files = (
				D19D72A520D31A32000ACEB1 /* PitchPerfectTests.swift in Sources */,
			);
			runOnlyForDeploymentPostprocessing = 0;
		};
		D19D72A720D31A32000ACEB1 /* Sources */ = {
			isa = PBXSourcesBuildPhase;
			buildActionMask = 2147483647;
			files = (
				D19D72B020D31A32000ACEB1 /* PitchPerfectUITests.swift in Sources */,
			);
			runOnlyForDeploymentPostprocessing = 0;
		};
/* End PBXSourcesBuildPhase section */

/* Begin PBXTargetDependency section */
		D19D72A220D31A32000ACEB1 /* PBXTargetDependency */ = {
			isa = PBXTargetDependency;
			target = D19D728B20D31A30000ACEB1 /* PitchPerfect */;
			targetProxy = D19D72A120D31A32000ACEB1 /* PBXContainerItemProxy */;
		};
		D19D72AD20D31A32000ACEB1 /* PBXTargetDependency */ = {
			isa = PBXTargetDependency;
			target = D19D728B20D31A30000ACEB1 /* PitchPerfect */;
			targetProxy = D19D72AC20D31A32000ACEB1 /* PBXContainerItemProxy */;
		};
/* End PBXTargetDependency section */

/* Begin PBXVariantGroup section */
		D19D729320D31A31000ACEB1 /* Main.storyboard */ = {
			isa = PBXVariantGroup;
			children = (
				D19D729420D31A31000ACEB1 /* Base */,
			);
			name = Main.storyboard;
			sourceTree = "<group>";
		};
		D19D729820D31A32000ACEB1 /* LaunchScreen.storyboard */ = {
			isa = PBXVariantGroup;
			children = (
				D19D729920D31A32000ACEB1 /* Base */,
			);
			name = LaunchScreen.storyboard;
			sourceTree = "<group>";
		};
/* End PBXVariantGroup section */

/* Begin XCBuildConfiguration section */
		D19D72B220D31A32000ACEB1 /* Debug */ = {
			isa = XCBuildConfiguration;
			buildSettings = {
				ALWAYS_SEARCH_USER_PATHS = NO;
				CLANG_ANALYZER_NONNULL = YES;
				CLANG_ANALYZER_NUMBER_OBJECT_CONVERSION = YES_AGGRESSIVE;
				CLANG_CXX_LANGUAGE_STANDARD = "gnu++14";
				CLANG_CXX_LIBRARY = "libc++";
				CLANG_ENABLE_MODULES = YES;
				CLANG_ENABLE_OBJC_ARC = YES;
				CLANG_ENABLE_OBJC_WEAK = YES;
				CLANG_WARN_BLOCK_CAPTURE_AUTORELEASING = YES;
				CLANG_WARN_BOOL_CONVERSION = YES;
				CLANG_WARN_COMMA = YES;
				CLANG_WARN_CONSTANT_CONVERSION = YES;
				CLANG_WARN_DEPRECATED_OBJC_IMPLEMENTATIONS = YES;
				CLANG_WARN_DIRECT_OBJC_ISA_USAGE = YES_ERROR;
				CLANG_WARN_DOCUMENTATION_COMMENTS = YES;
				CLANG_WARN_EMPTY_BODY = YES;
				CLANG_WARN_ENUM_CONVERSION = YES;
				CLANG_WARN_INFINITE_RECURSION = YES;
				CLANG_WARN_INT_CONVERSION = YES;
				CLANG_WARN_NON_LITERAL_NULL_CONVERSION = YES;
				CLANG_WARN_OBJC_IMPLICIT_RETAIN_SELF = YES;
				CLANG_WARN_OBJC_LITERAL_CONVERSION = YES;
				CLANG_WARN_OBJC_ROOT_CLASS = YES_ERROR;
				CLANG_WARN_RANGE_LOOP_ANALYSIS = YES;
				CLANG_WARN_STRICT_PROTOTYPES = YES;
				CLANG_WARN_SUSPICIOUS_MOVE = YES;
				CLANG_WARN_UNGUARDED_AVAILABILITY = YES_AGGRESSIVE;
				CLANG_WARN_UNREACHABLE_CODE = YES;
				CLANG_WARN__DUPLICATE_METHOD_MATCH = YES;
				CODE_SIGN_IDENTITY = "iPhone Developer";
				COPY_PHASE_STRIP = NO;
				DEBUG_INFORMATION_FORMAT = dwarf;
				ENABLE_STRICT_OBJC_MSGSEND = YES;
				ENABLE_TESTABILITY = YES;
				GCC_C_LANGUAGE_STANDARD = gnu11;
				GCC_DYNAMIC_NO_PIC = NO;
				GCC_NO_COMMON_BLOCKS = YES;
				GCC_OPTIMIZATION_LEVEL = 0;
				GCC_PREPROCESSOR_DEFINITIONS = (
					"DEBUG=1",
					"$(inherited)",
				);
				GCC_WARN_64_TO_32_BIT_CONVERSION = YES;
				GCC_WARN_ABOUT_RETURN_TYPE = YES_ERROR;
				GCC_WARN_UNDECLARED_SELECTOR = YES;
				GCC_WARN_UNINITIALIZED_AUTOS = YES_AGGRESSIVE;
				GCC_WARN_UNUSED_FUNCTION = YES;
				GCC_WARN_UNUSED_VARIABLE = YES;
				IPHONEOS_DEPLOYMENT_TARGET = 11.4;
				MTL_ENABLE_DEBUG_INFO = YES;
				ONLY_ACTIVE_ARCH = YES;
				SDKROOT = iphoneos;
				SWIFT_ACTIVE_COMPILATION_CONDITIONS = DEBUG;
				SWIFT_OPTIMIZATION_LEVEL = "-Onone";
			};
			name = Debug;
		};
		D19D72B320D31A32000ACEB1 /* Release */ = {
			isa = XCBuildConfiguration;
			buildSettings = {
				ALWAYS_SEARCH_USER_PATHS = NO;
				CLANG_ANALYZER_NONNULL = YES;
				CLANG_ANALYZER_NUMBER_OBJECT_CONVERSION = YES_AGGRESSIVE;
				CLANG_CXX_LANGUAGE_STANDARD = "gnu++14";
				CLANG_CXX_LIBRARY = "libc++";
				CLANG_ENABLE_MODULES = YES;
				CLANG_ENABLE_OBJC_ARC = YES;
				CLANG_ENABLE_OBJC_WEAK = YES;
				CLANG_WARN_BLOCK_CAPTURE_AUTORELEASING = YES;
				CLANG_WARN_BOOL_CONVERSION = YES;
				CLANG_WARN_COMMA = YES;
				CLANG_WARN_CONSTANT_CONVERSION = YES;
				CLANG_WARN_DEPRECATED_OBJC_IMPLEMENTATIONS = YES;
				CLANG_WARN_DIRECT_OBJC_ISA_USAGE = YES_ERROR;
				CLANG_WARN_DOCUMENTATION_COMMENTS = YES;
				CLANG_WARN_EMPTY_BODY = YES;
				CLANG_WARN_ENUM_CONVERSION = YES;
				CLANG_WARN_INFINITE_RECURSION = YES;
				CLANG_WARN_INT_CONVERSION = YES;
				CLANG_WARN_NON_LITERAL_NULL_CONVERSION = YES;
				CLANG_WARN_OBJC_IMPLICIT_RETAIN_SELF = YES;
				CLANG_WARN_OBJC_LITERAL_CONVERSION = YES;
				CLANG_WARN_OBJC_ROOT_CLASS = YES_ERROR;
				CLANG_WARN_RANGE_LOOP_ANALYSIS = YES;
				CLANG_WARN_STRICT_PROTOTYPES = YES;
				CLANG_WARN_SUSPICIOUS_MOVE = YES;
				CLANG_WARN_UNGUARDED_AVAILABILITY = YES_AGGRESSIVE;
				CLANG_WARN_UNREACHABLE_CODE = YES;
				CLANG_WARN__DUPLICATE_METHOD_MATCH = YES;
				CODE_SIGN_IDENTITY = "iPhone Developer";
				COPY_PHASE_STRIP = NO;
				DEBUG_INFORMATION_FORMAT = "dwarf-with-dsym";
				ENABLE_NS_ASSERTIONS = NO;
				ENABLE_STRICT_OBJC_MSGSEND = YES;
				GCC_C_LANGUAGE_STANDARD = gnu11;
				GCC_NO_COMMON_BLOCKS = YES;
				GCC_WARN_64_TO_32_BIT_CONVERSION = YES;
				GCC_WARN_ABOUT_RETURN_TYPE = YES_ERROR;
				GCC_WARN_UNDECLARED_SELECTOR = YES;
				GCC_WARN_UNINITIALIZED_AUTOS = YES_AGGRESSIVE;
				GCC_WARN_UNUSED_FUNCTION = YES;
				GCC_WARN_UNUSED_VARIABLE = YES;
				IPHONEOS_DEPLOYMENT_TARGET = 11.4;
				MTL_ENABLE_DEBUG_INFO = NO;
				SDKROOT = iphoneos;
				SWIFT_COMPILATION_MODE = wholemodule;
				SWIFT_OPTIMIZATION_LEVEL = "-O";
				VALIDATE_PRODUCT = YES;
			};
			name = Release;
		};
		D19D72B520D31A32000ACEB1 /* Debug */ = {
			isa = XCBuildConfiguration;
			buildSettings = {
				ASSETCATALOG_COMPILER_APPICON_NAME = AppIcon;
				CODE_SIGN_STYLE = Automatic;
				DEVELOPMENT_TEAM = QG3P4F8565;
				INFOPLIST_FILE = PitchPerfect/Info.plist;
				LD_RUNPATH_SEARCH_PATHS = (
					"$(inherited)",
					"@executable_path/Frameworks",
				);
				PRODUCT_BUNDLE_IDENTIFIER = Manali.com.PitchPerfect;
				PRODUCT_NAME = "$(TARGET_NAME)";
				SWIFT_VERSION = 4.0;
				TARGETED_DEVICE_FAMILY = "1,2";
			};
			name = Debug;
		};
		D19D72B620D31A32000ACEB1 /* Release */ = {
			isa = XCBuildConfiguration;
			buildSettings = {
				ASSETCATALOG_COMPILER_APPICON_NAME = AppIcon;
				CODE_SIGN_STYLE = Automatic;
				DEVELOPMENT_TEAM = QG3P4F8565;
				INFOPLIST_FILE = PitchPerfect/Info.plist;
				LD_RUNPATH_SEARCH_PATHS = (
					"$(inherited)",
					"@executable_path/Frameworks",
				);
				PRODUCT_BUNDLE_IDENTIFIER = Manali.com.PitchPerfect;
				PRODUCT_NAME = "$(TARGET_NAME)";
				SWIFT_VERSION = 4.0;
				TARGETED_DEVICE_FAMILY = "1,2";
			};
			name = Release;
		};
		D19D72B820D31A32000ACEB1 /* Debug */ = {
			isa = XCBuildConfiguration;
			buildSettings = {
				ALWAYS_EMBED_SWIFT_STANDARD_LIBRARIES = YES;
				BUNDLE_LOADER = "$(TEST_HOST)";
				CODE_SIGN_STYLE = Automatic;
				DEVELOPMENT_TEAM = QG3P4F8565;
				INFOPLIST_FILE = PitchPerfectTests/Info.plist;
				LD_RUNPATH_SEARCH_PATHS = (
					"$(inherited)",
					"@executable_path/Frameworks",
					"@loader_path/Frameworks",
				);
				PRODUCT_BUNDLE_IDENTIFIER = Manali.com.PitchPerfectTests;
				PRODUCT_NAME = "$(TARGET_NAME)";
				SWIFT_VERSION = 4.0;
				TARGETED_DEVICE_FAMILY = "1,2";
				TEST_HOST = "$(BUILT_PRODUCTS_DIR)/PitchPerfect.app/PitchPerfect";
			};
			name = Debug;
		};
		D19D72B920D31A32000ACEB1 /* Release */ = {
			isa = XCBuildConfiguration;
			buildSettings = {
				ALWAYS_EMBED_SWIFT_STANDARD_LIBRARIES = YES;
				BUNDLE_LOADER = "$(TEST_HOST)";
				CODE_SIGN_STYLE = Automatic;
				DEVELOPMENT_TEAM = QG3P4F8565;
				INFOPLIST_FILE = PitchPerfectTests/Info.plist;
				LD_RUNPATH_SEARCH_PATHS = (
					"$(inherited)",
					"@executable_path/Frameworks",
					"@loader_path/Frameworks",
				);
				PRODUCT_BUNDLE_IDENTIFIER = Manali.com.PitchPerfectTests;
				PRODUCT_NAME = "$(TARGET_NAME)";
				SWIFT_VERSION = 4.0;
				TARGETED_DEVICE_FAMILY = "1,2";
				TEST_HOST = "$(BUILT_PRODUCTS_DIR)/PitchPerfect.app/PitchPerfect";
			};
			name = Release;
		};
		D19D72BB20D31A32000ACEB1 /* Debug */ = {
			isa = XCBuildConfiguration;
			buildSettings = {
				ALWAYS_EMBED_SWIFT_STANDARD_LIBRARIES = YES;
				CODE_SIGN_STYLE = Automatic;
				DEVELOPMENT_TEAM = QG3P4F8565;
				INFOPLIST_FILE = PitchPerfectUITests/Info.plist;
				LD_RUNPATH_SEARCH_PATHS = (
					"$(inherited)",
					"@executable_path/Frameworks",
					"@loader_path/Frameworks",
				);
				PRODUCT_BUNDLE_IDENTIFIER = Manali.com.PitchPerfectUITests;
				PRODUCT_NAME = "$(TARGET_NAME)";
				SWIFT_VERSION = 4.0;
				TARGETED_DEVICE_FAMILY = "1,2";
				TEST_TARGET_NAME = PitchPerfect;
			};
			name = Debug;
		};
		D19D72BC20D31A32000ACEB1 /* Release */ = {
			isa = XCBuildConfiguration;
			buildSettings = {
				ALWAYS_EMBED_SWIFT_STANDARD_LIBRARIES = YES;
				CODE_SIGN_STYLE = Automatic;
				DEVELOPMENT_TEAM = QG3P4F8565;
				INFOPLIST_FILE = PitchPerfectUITests/Info.plist;
				LD_RUNPATH_SEARCH_PATHS = (
					"$(inherited)",
					"@executable_path/Frameworks",
					"@loader_path/Frameworks",
				);
				PRODUCT_BUNDLE_IDENTIFIER = Manali.com.PitchPerfectUITests;
				PRODUCT_NAME = "$(TARGET_NAME)";
				SWIFT_VERSION = 4.0;
				TARGETED_DEVICE_FAMILY = "1,2";
				TEST_TARGET_NAME = PitchPerfect;
			};
			name = Release;
		};
/* End XCBuildConfiguration section */

/* Begin XCConfigurationList section */
		D19D728720D31A30000ACEB1 /* Build configuration list for PBXProject "PitchPerfect" */ = {
			isa = XCConfigurationList;
			buildConfigurations = (
				D19D72B220D31A32000ACEB1 /* Debug */,
				D19D72B320D31A32000ACEB1 /* Release */,
			);
			defaultConfigurationIsVisible = 0;
			defaultConfigurationName = Release;
		};
		D19D72B420D31A32000ACEB1 /* Build configuration list for PBXNativeTarget "PitchPerfect" */ = {
			isa = XCConfigurationList;
			buildConfigurations = (
				D19D72B520D31A32000ACEB1 /* Debug */,
				D19D72B620D31A32000ACEB1 /* Release */,
			);
			defaultConfigurationIsVisible = 0;
			defaultConfigurationName = Release;
		};
		D19D72B720D31A32000ACEB1 /* Build configuration list for PBXNativeTarget "PitchPerfectTests" */ = {
			isa = XCConfigurationList;
			buildConfigurations = (
				D19D72B820D31A32000ACEB1 /* Debug */,
				D19D72B920D31A32000ACEB1 /* Release */,
			);
			defaultConfigurationIsVisible = 0;
			defaultConfigurationName = Release;
		};
		D19D72BA20D31A32000ACEB1 /* Build configuration list for PBXNativeTarget "PitchPerfectUITests" */ = {
			isa = XCConfigurationList;
			buildConfigurations = (
				D19D72BB20D31A32000ACEB1 /* Debug */,
				D19D72BC20D31A32000ACEB1 /* Release */,
			);
			defaultConfigurationIsVisible = 0;
			defaultConfigurationName = Release;
		};
/* End XCConfigurationList section */
	};
	rootObject = D19D728420D31A30000ACEB1 /* Project object */;
}
